
Microsoft Visual Studio Solution File, Format Version 12.00
# Visual Studio Version 16
VisualStudioVersion = 16.0.30907.101
MinimumVisualStudioVersion = 10.0.40219.1
Project("{FAE04EC0-301F-11D3-BF4B-00C04F79EFBC}") = "TheJosephusProblem", "TheJosephusProblem\TheJosephusProblem.csproj", "{F3F7576F-D85D-478E-8A43-CEA80B49A6F4}"
EndProject
Project("{FAE04EC0-301F-11D3-BF4B-00C04F79EFBC}") = "TheJosephusProblem.Tests", "TheJosephusProblem.Tests\TheJosephusProblem.Tests.csproj", "{F96414B9-3E85-4C59-8C91-D02E06C428C4}"
EndProject
Global
	GlobalSection(SolutionConfigurationPlatforms) = preSolution
		Debug|Any CPU = Debug|Any CPU
		Release|Any CPU = Release|Any CPU
	EndGlobalSection
	GlobalSection(ProjectConfigurationPlatforms) = postSolution
		{F3F7576F-D85D-478E-8A43-CEA80B49A6F4}.Debug|Any CPU.ActiveCfg = Debug|Any CPU
		{F3F7576F-D85D-478E-8A43-CEA80B49A6F4}.Debug|Any CPU.Build.0 = Debug|Any CPU
		{F3F7576F-D85D-478E-8A43-CEA80B49A6F4}.Release|Any CPU.ActiveCfg = Release|Any CPU
		{F3F7576F-D85D-478E-8A43-CEA80B49A6F4}.Release|Any CPU.Build.0 = Release|Any CPU
		{F96414B9-3E85-4C59-8C91-D02E06C428C4}.Debug|Any CPU.ActiveCfg = Debug|Any CPU
		{F96414B9-3E85-4C59-8C91-D02E06C428C4}.Debug|Any CPU.Build.0 = Debug|Any CPU
		{F96414B9-3E85-4C59-8C91-D02E06C428C4}.Release|Any CPU.ActiveCfg = Release|Any CPU
		{F96414B9-3E85-4C59-8C91-D02E06C428C4}.Release|Any CPU.Build.0 = Release|Any CPU
	EndGlobalSection
	GlobalSection(SolutionProperties) = preSolution
		HideSolutionNode = FALSE
	EndGlobalSection
	GlobalSection(ExtensibilityGlobals) = postSolution
		SolutionGuid = {CC1D6F34-87FA-4FAB-8E4E-2A3F7BFB416F}
	EndGlobalSection
EndGlobal
